
Microsoft Visual Studio Solution File, Format Version 12.00
# Visual Studio 15
VisualStudioVersion = 15.0.26124.0
MinimumVisualStudioVersion = 15.0.26124.0
Project("{2150E333-8FDC-42A3-9474-1A3956D46DE8}") = "src", "src", "{7192DD1A-12C9-4997-9268-E2ABA33FBEA9}"
EndProject
Project("{FAE04EC0-301F-11D3-BF4B-00C04F79EFBC}") = "api", "src\api\api.csproj", "{917CA221-C789-439B-9E2B-AE66F3B38096}"
EndProject
Project("{FAE04EC0-301F-11D3-BF4B-00C04F79EFBC}") = "api-tests", "src\api-tests\api-tests.csproj", "{A62CA782-5C7A-4833-A84B-D9205C0BFC77}"
EndProject
Global
	GlobalSection(SolutionConfigurationPlatforms) = preSolution
		Debug|Any CPU = Debug|Any CPU
		Debug|x64 = Debug|x64
		Debug|x86 = Debug|x86
		Release|Any CPU = Release|Any CPU
		Release|x64 = Release|x64
		Release|x86 = Release|x86
	EndGlobalSection
	GlobalSection(SolutionProperties) = preSolution
		HideSolutionNode = FALSE
	EndGlobalSection
	GlobalSection(ProjectConfigurationPlatforms) = postSolution
		{917CA221-C789-439B-9E2B-AE66F3B38096}.Debug|Any CPU.ActiveCfg = Debug|Any CPU
		{917CA221-C789-439B-9E2B-AE66F3B38096}.Debug|Any CPU.Build.0 = Debug|Any CPU
		{917CA221-C789-439B-9E2B-AE66F3B38096}.Debug|x64.ActiveCfg = Debug|Any CPU
		{917CA221-C789-439B-9E2B-AE66F3B38096}.Debug|x64.Build.0 = Debug|Any CPU
		{917CA221-C789-439B-9E2B-AE66F3B38096}.Debug|x86.ActiveCfg = Debug|Any CPU
		{917CA221-C789-439B-9E2B-AE66F3B38096}.Debug|x86.Build.0 = Debug|Any CPU
		{917CA221-C789-439B-9E2B-AE66F3B38096}.Release|Any CPU.ActiveCfg = Release|Any CPU
		{917CA221-C789-439B-9E2B-AE66F3B38096}.Release|Any CPU.Build.0 = Release|Any CPU
		{917CA221-C789-439B-9E2B-AE66F3B38096}.Release|x64.ActiveCfg = Release|Any CPU
		{917CA221-C789-439B-9E2B-AE66F3B38096}.Release|x64.Build.0 = Release|Any CPU
		{917CA221-C789-439B-9E2B-AE66F3B38096}.Release|x86.ActiveCfg = Release|Any CPU
		{917CA221-C789-439B-9E2B-AE66F3B38096}.Release|x86.Build.0 = Release|Any CPU
		{A62CA782-5C7A-4833-A84B-D9205C0BFC77}.Debug|Any CPU.ActiveCfg = Debug|Any CPU
		{A62CA782-5C7A-4833-A84B-D9205C0BFC77}.Debug|Any CPU.Build.0 = Debug|Any CPU
		{A62CA782-5C7A-4833-A84B-D9205C0BFC77}.Debug|x64.ActiveCfg = Debug|Any CPU
		{A62CA782-5C7A-4833-A84B-D9205C0BFC77}.Debug|x64.Build.0 = Debug|Any CPU
		{A62CA782-5C7A-4833-A84B-D9205C0BFC77}.Debug|x86.ActiveCfg = Debug|Any CPU
		{A62CA782-5C7A-4833-A84B-D9205C0BFC77}.Debug|x86.Build.0 = Debug|Any CPU
		{A62CA782-5C7A-4833-A84B-D9205C0BFC77}.Release|Any CPU.ActiveCfg = Release|Any CPU
		{A62CA782-5C7A-4833-A84B-D9205C0BFC77}.Release|Any CPU.Build.0 = Release|Any CPU
		{A62CA782-5C7A-4833-A84B-D9205C0BFC77}.Release|x64.ActiveCfg = Release|Any CPU
		{A62CA782-5C7A-4833-A84B-D9205C0BFC77}.Release|x64.Build.0 = Release|Any CPU
		{A62CA782-5C7A-4833-A84B-D9205C0BFC77}.Release|x86.ActiveCfg = Release|Any CPU
		{A62CA782-5C7A-4833-A84B-D9205C0BFC77}.Release|x86.Build.0 = Release|Any CPU
	EndGlobalSection
	GlobalSection(NestedProjects) = preSolution
		{917CA221-C789-439B-9E2B-AE66F3B38096} = {7192DD1A-12C9-4997-9268-E2ABA33FBEA9}
		{A62CA782-5C7A-4833-A84B-D9205C0BFC77} = {7192DD1A-12C9-4997-9268-E2ABA33FBEA9}
	EndGlobalSection
EndGlobal
